// !$*UTF8*$!
{
	archiveVersion = 1;
	classes = {
	};
	objectVersion = 56;
	objects = {

/* Begin PBXBuildFile section */
		F2A584432996DF7600B5D4B5 /* ItemPresentable.swift in Sources */ = {isa = PBXBuildFile; fileRef = F2A584422996DF7600B5D4B5 /* ItemPresentable.swift */; };
		F2A584472996E01F00B5D4B5 /* ItemCollectionViewCellViewModel.swift in Sources */ = {isa = PBXBuildFile; fileRef = F2A584462996E01F00B5D4B5 /* ItemCollectionViewCellViewModel.swift */; };
		F2B5B01129941F55008FD97A /* AppDelegate.swift in Sources */ = {isa = PBXBuildFile; fileRef = F2B5B01029941F55008FD97A /* AppDelegate.swift */; };
		F2B5B01329941F55008FD97A /* SceneDelegate.swift in Sources */ = {isa = PBXBuildFile; fileRef = F2B5B01229941F55008FD97A /* SceneDelegate.swift */; };
		F2B5B01529941F55008FD97A /* ViewController.swift in Sources */ = {isa = PBXBuildFile; fileRef = F2B5B01429941F55008FD97A /* ViewController.swift */; };
		F2B5B01829941F55008FD97A /* Main.storyboard in Resources */ = {isa = PBXBuildFile; fileRef = F2B5B01629941F55008FD97A /* Main.storyboard */; };
		F2B5B01A29941F56008FD97A /* Assets.xcassets in Resources */ = {isa = PBXBuildFile; fileRef = F2B5B01929941F56008FD97A /* Assets.xcassets */; };
		F2B5B01D29941F56008FD97A /* LaunchScreen.storyboard in Resources */ = {isa = PBXBuildFile; fileRef = F2B5B01B29941F56008FD97A /* LaunchScreen.storyboard */; };
		F2B5B025299428D0008FD97A /* CustomFlowLayout.swift in Sources */ = {isa = PBXBuildFile; fileRef = F2B5B024299428D0008FD97A /* CustomFlowLayout.swift */; };
		F2B5B02729942E3F008FD97A /* ItemColored.swift in Sources */ = {isa = PBXBuildFile; fileRef = F2B5B02629942E3F008FD97A /* ItemColored.swift */; };
		F2B5B02929942F5C008FD97A /* ViewModel.swift in Sources */ = {isa = PBXBuildFile; fileRef = F2B5B02829942F5C008FD97A /* ViewModel.swift */; };
/* End PBXBuildFile section */

/* Begin PBXFileReference section */
		F2A584422996DF7600B5D4B5 /* ItemPresentable.swift */ = {isa = PBXFileReference; lastKnownFileType = sourcecode.swift; path = ItemPresentable.swift; sourceTree = "<group>"; };
		F2A584462996E01F00B5D4B5 /* ItemCollectionViewCellViewModel.swift */ = {isa = PBXFileReference; lastKnownFileType = sourcecode.swift; path = ItemCollectionViewCellViewModel.swift; sourceTree = "<group>"; };
		F2B5B00D29941F55008FD97A /* PinterestInterview.app */ = {isa = PBXFileReference; explicitFileType = wrapper.application; includeInIndex = 0; path = PinterestInterview.app; sourceTree = BUILT_PRODUCTS_DIR; };
		F2B5B01029941F55008FD97A /* AppDelegate.swift */ = {isa = PBXFileReference; lastKnownFileType = sourcecode.swift; path = AppDelegate.swift; sourceTree = "<group>"; };
		F2B5B01229941F55008FD97A /* SceneDelegate.swift */ = {isa = PBXFileReference; lastKnownFileType = sourcecode.swift; path = SceneDelegate.swift; sourceTree = "<group>"; };
		F2B5B01429941F55008FD97A /* ViewController.swift */ = {isa = PBXFileReference; lastKnownFileType = sourcecode.swift; path = ViewController.swift; sourceTree = "<group>"; };
		F2B5B01729941F55008FD97A /* Base */ = {isa = PBXFileReference; lastKnownFileType = file.storyboard; name = Base; path = Base.lproj/Main.storyboard; sourceTree = "<group>"; };
		F2B5B01929941F56008FD97A /* Assets.xcassets */ = {isa = PBXFileReference; lastKnownFileType = folder.assetcatalog; path = Assets.xcassets; sourceTree = "<group>"; };
		F2B5B01C29941F56008FD97A /* Base */ = {isa = PBXFileReference; lastKnownFileType = file.storyboard; name = Base; path = Base.lproj/LaunchScreen.storyboard; sourceTree = "<group>"; };
		F2B5B01E29941F56008FD97A /* Info.plist */ = {isa = PBXFileReference; lastKnownFileType = text.plist.xml; path = Info.plist; sourceTree = "<group>"; };
		F2B5B024299428D0008FD97A /* CustomFlowLayout.swift */ = {isa = PBXFileReference; lastKnownFileType = sourcecode.swift; path = CustomFlowLayout.swift; sourceTree = "<group>"; };
		F2B5B02629942E3F008FD97A /* ItemColored.swift */ = {isa = PBXFileReference; lastKnownFileType = sourcecode.swift; path = ItemColored.swift; sourceTree = "<group>"; };
		F2B5B02829942F5C008FD97A /* ViewModel.swift */ = {isa = PBXFileReference; lastKnownFileType = sourcecode.swift; path = ViewModel.swift; sourceTree = "<group>"; };
/* End PBXFileReference section */

/* Begin PBXFrameworksBuildPhase section */
		F2B5B00A29941F55008FD97A /* Frameworks */ = {
			isa = PBXFrameworksBuildPhase;
			buildActionMask = 2147483647;
			files = (
			);
			runOnlyForDeploymentPostprocessing = 0;
		};
/* End PBXFrameworksBuildPhase section */

/* Begin PBXGroup section */
		F2B5B00429941F55008FD97A = {
			isa = PBXGroup;
			children = (
				F2B5B00F29941F55008FD97A /* PinterestInterview */,
				F2B5B00E29941F55008FD97A /* Products */,
			);
			sourceTree = "<group>";
		};
		F2B5B00E29941F55008FD97A /* Products */ = {
			isa = PBXGroup;
			children = (
				F2B5B00D29941F55008FD97A /* PinterestInterview.app */,
			);
			name = Products;
			sourceTree = "<group>";
		};
		F2B5B00F29941F55008FD97A /* PinterestInterview */ = {
			isa = PBXGroup;
			children = (
				F2A584462996E01F00B5D4B5 /* ItemCollectionViewCellViewModel.swift */,
				F2A584422996DF7600B5D4B5 /* ItemPresentable.swift */,
				F2B5B01029941F55008FD97A /* AppDelegate.swift */,
				F2B5B01229941F55008FD97A /* SceneDelegate.swift */,
				F2B5B01429941F55008FD97A /* ViewController.swift */,
				F2B5B01629941F55008FD97A /* Main.storyboard */,
				F2B5B01929941F56008FD97A /* Assets.xcassets */,
				F2B5B01B29941F56008FD97A /* LaunchScreen.storyboard */,
				F2B5B01E29941F56008FD97A /* Info.plist */,
				F2B5B024299428D0008FD97A /* CustomFlowLayout.swift */,
				F2B5B02629942E3F008FD97A /* ItemColored.swift */,
				F2B5B02829942F5C008FD97A /* ViewModel.swift */,
			);
			path = PinterestInterview;
			sourceTree = "<group>";
		};
/* End PBXGroup section */

/* Begin PBXNativeTarget section */
		F2B5B00C29941F55008FD97A /* PinterestInterview */ = {
			isa = PBXNativeTarget;
			buildConfigurationList = F2B5B02129941F56008FD97A /* Build configuration list for PBXNativeTarget "PinterestInterview" */;
			buildPhases = (
				F2B5B00929941F55008FD97A /* Sources */,
				F2B5B00A29941F55008FD97A /* Frameworks */,
				F2B5B00B29941F55008FD97A /* Resources */,
			);
			buildRules = (
			);
			dependencies = (
			);
			name = PinterestInterview;
			productName = PinterestInterview;
			productReference = F2B5B00D29941F55008FD97A /* PinterestInterview.app */;
			productType = "com.apple.product-type.application";
		};
/* End PBXNativeTarget section */

/* Begin PBXProject section */
		F2B5B00529941F55008FD97A /* Project object */ = {
			isa = PBXProject;
			attributes = {
				BuildIndependentTargetsInParallel = 1;
				LastSwiftUpdateCheck = 1420;
				LastUpgradeCheck = 1420;
				TargetAttributes = {
					F2B5B00C29941F55008FD97A = {
						CreatedOnToolsVersion = 14.2;
					};
				};
			};
			buildConfigurationList = F2B5B00829941F55008FD97A /* Build configuration list for PBXProject "PinterestInterview" */;
			compatibilityVersion = "Xcode 14.0";
			developmentRegion = en;
			hasScannedForEncodings = 0;
			knownRegions = (
				en,
				Base,
			);
			mainGroup = F2B5B00429941F55008FD97A;
			productRefGroup = F2B5B00E29941F55008FD97A /* Products */;
			projectDirPath = "";
			projectRoot = "";
			targets = (
				F2B5B00C29941F55008FD97A /* PinterestInterview */,
			);
		};
/* End PBXProject section */

/* Begin PBXResourcesBuildPhase section */
		F2B5B00B29941F55008FD97A /* Resources */ = {
			isa = PBXResourcesBuildPhase;
			buildActionMask = 2147483647;
			files = (
				F2B5B01D29941F56008FD97A /* LaunchScreen.storyboard in Resources */,
				F2B5B01A29941F56008FD97A /* Assets.xcassets in Resources */,
				F2B5B01829941F55008FD97A /* Main.storyboard in Resources */,
			);
			runOnlyForDeploymentPostprocessing = 0;
		};
/* End PBXResourcesBuildPhase section */

/* Begin PBXSourcesBuildPhase section */
		F2B5B00929941F55008FD97A /* Sources */ = {
			isa = PBXSourcesBuildPhase;
			buildActionMask = 2147483647;
			files = (
				F2B5B01529941F55008FD97A /* ViewController.swift in Sources */,
				F2B5B01129941F55008FD97A /* AppDelegate.swift in Sources */,
				F2B5B02729942E3F008FD97A /* ItemColored.swift in Sources */,
				F2A584432996DF7600B5D4B5 /* ItemPresentable.swift in Sources */,
				F2B5B025299428D0008FD97A /* CustomFlowLayout.swift in Sources */,
				F2B5B02929942F5C008FD97A /* ViewModel.swift in Sources */,
				F2B5B01329941F55008FD97A /* SceneDelegate.swift in Sources */,
				F2A584472996E01F00B5D4B5 /* ItemCollectionViewCellViewModel.swift in Sources */,
			);
			runOnlyForDeploymentPostprocessing = 0;
		};
/* End PBXSourcesBuildPhase section */

/* Begin PBXVariantGroup section */
		F2B5B01629941F55008FD97A /* Main.storyboard */ = {
			isa = PBXVariantGroup;
			children = (
				F2B5B01729941F55008FD97A /* Base */,
			);
			name = Main.storyboard;
			sourceTree = "<group>";
		};
		F2B5B01B29941F56008FD97A /* LaunchScreen.storyboard */ = {
			isa = PBXVariantGroup;
			children = (
				F2B5B01C29941F56008FD97A /* Base */,
			);
			name = LaunchScreen.storyboard;
			sourceTree = "<group>";
		};
/* End PBXVariantGroup section */

/* Begin XCBuildConfiguration section */
		F2B5B01F29941F56008FD97A /* Debug */ = {
			isa = XCBuildConfiguration;
			buildSettings = {
				ALWAYS_SEARCH_USER_PATHS = NO;
				CLANG_ANALYZER_NONNULL = YES;
				CLANG_ANALYZER_NUMBER_OBJECT_CONVERSION = YES_AGGRESSIVE;
				CLANG_CXX_LANGUAGE_STANDARD = "gnu++20";
				CLANG_ENABLE_MODULES = YES;
				CLANG_ENABLE_OBJC_ARC = YES;
				CLANG_ENABLE_OBJC_WEAK = YES;
				CLANG_WARN_BLOCK_CAPTURE_AUTORELEASING = YES;
				CLANG_WARN_BOOL_CONVERSION = YES;
				CLANG_WARN_COMMA = YES;
				CLANG_WARN_CONSTANT_CONVERSION = YES;
				CLANG_WARN_DEPRECATED_OBJC_IMPLEMENTATIONS = YES;
				CLANG_WARN_DIRECT_OBJC_ISA_USAGE = YES_ERROR;
				CLANG_WARN_DOCUMENTATION_COMMENTS = YES;
				CLANG_WARN_EMPTY_BODY = YES;
				CLANG_WARN_ENUM_CONVERSION = YES;
				CLANG_WARN_INFINITE_RECURSION = YES;
				CLANG_WARN_INT_CONVERSION = YES;
				CLANG_WARN_NON_LITERAL_NULL_CONVERSION = YES;
				CLANG_WARN_OBJC_IMPLICIT_RETAIN_SELF = YES;
				CLANG_WARN_OBJC_LITERAL_CONVERSION = YES;
				CLANG_WARN_OBJC_ROOT_CLASS = YES_ERROR;
				CLANG_WARN_QUOTED_INCLUDE_IN_FRAMEWORK_HEADER = YES;
				CLANG_WARN_RANGE_LOOP_ANALYSIS = YES;
				CLANG_WARN_STRICT_PROTOTYPES = YES;
				CLANG_WARN_SUSPICIOUS_MOVE = YES;
				CLANG_WARN_UNGUARDED_AVAILABILITY = YES_AGGRESSIVE;
				CLANG_WARN_UNREACHABLE_CODE = YES;
				CLANG_WARN__DUPLICATE_METHOD_MATCH = YES;
				COPY_PHASE_STRIP = NO;
				DEBUG_INFORMATION_FORMAT = dwarf;
				ENABLE_STRICT_OBJC_MSGSEND = YES;
				ENABLE_TESTABILITY = YES;
				GCC_C_LANGUAGE_STANDARD = gnu11;
				GCC_DYNAMIC_NO_PIC = NO;
				GCC_NO_COMMON_BLOCKS = YES;
				GCC_OPTIMIZATION_LEVEL = 0;
				GCC_PREPROCESSOR_DEFINITIONS = (
					"DEBUG=1",
					"$(inherited)",
				);
				GCC_WARN_64_TO_32_BIT_CONVERSION = YES;
				GCC_WARN_ABOUT_RETURN_TYPE = YES_ERROR;
				GCC_WARN_UNDECLARED_SELECTOR = YES;
				GCC_WARN_UNINITIALIZED_AUTOS = YES_AGGRESSIVE;
				GCC_WARN_UNUSED_FUNCTION = YES;
				GCC_WARN_UNUSED_VARIABLE = YES;
				IPHONEOS_DEPLOYMENT_TARGET = 16.2;
				MTL_ENABLE_DEBUG_INFO = INCLUDE_SOURCE;
				MTL_FAST_MATH = YES;
				ONLY_ACTIVE_ARCH = YES;
				SDKROOT = iphoneos;
				SWIFT_ACTIVE_COMPILATION_CONDITIONS = DEBUG;
				SWIFT_OPTIMIZATION_LEVEL = "-Onone";
			};
			name = Debug;
		};
		F2B5B02029941F56008FD97A /* Release */ = {
			isa = XCBuildConfiguration;
			buildSettings = {
				ALWAYS_SEARCH_USER_PATHS = NO;
				CLANG_ANALYZER_NONNULL = YES;
				CLANG_ANALYZER_NUMBER_OBJECT_CONVERSION = YES_AGGRESSIVE;
				CLANG_CXX_LANGUAGE_STANDARD = "gnu++20";
				CLANG_ENABLE_MODULES = YES;
				CLANG_ENABLE_OBJC_ARC = YES;
				CLANG_ENABLE_OBJC_WEAK = YES;
				CLANG_WARN_BLOCK_CAPTURE_AUTORELEASING = YES;
				CLANG_WARN_BOOL_CONVERSION = YES;
				CLANG_WARN_COMMA = YES;
				CLANG_WARN_CONSTANT_CONVERSION = YES;
				CLANG_WARN_DEPRECATED_OBJC_IMPLEMENTATIONS = YES;
				CLANG_WARN_DIRECT_OBJC_ISA_USAGE = YES_ERROR;
				CLANG_WARN_DOCUMENTATION_COMMENTS = YES;
				CLANG_WARN_EMPTY_BODY = YES;
				CLANG_WARN_ENUM_CONVERSION = YES;
				CLANG_WARN_INFINITE_RECURSION = YES;
				CLANG_WARN_INT_CONVERSION = YES;
				CLANG_WARN_NON_LITERAL_NULL_CONVERSION = YES;
				CLANG_WARN_OBJC_IMPLICIT_RETAIN_SELF = YES;
				CLANG_WARN_OBJC_LITERAL_CONVERSION = YES;
				CLANG_WARN_OBJC_ROOT_CLASS = YES_ERROR;
				CLANG_WARN_QUOTED_INCLUDE_IN_FRAMEWORK_HEADER = YES;
				CLANG_WARN_RANGE_LOOP_ANALYSIS = YES;
				CLANG_WARN_STRICT_PROTOTYPES = YES;
				CLANG_WARN_SUSPICIOUS_MOVE = YES;
				CLANG_WARN_UNGUARDED_AVAILABILITY = YES_AGGRESSIVE;
				CLANG_WARN_UNREACHABLE_CODE = YES;
				CLANG_WARN__DUPLICATE_METHOD_MATCH = YES;
				COPY_PHASE_STRIP = NO;
				DEBUG_INFORMATION_FORMAT = "dwarf-with-dsym";
				ENABLE_NS_ASSERTIONS = NO;
				ENABLE_STRICT_OBJC_MSGSEND = YES;
				GCC_C_LANGUAGE_STANDARD = gnu11;
				GCC_NO_COMMON_BLOCKS = YES;
				GCC_WARN_64_TO_32_BIT_CONVERSION = YES;
				GCC_WARN_ABOUT_RETURN_TYPE = YES_ERROR;
				GCC_WARN_UNDECLARED_SELECTOR = YES;
				GCC_WARN_UNINITIALIZED_AUTOS = YES_AGGRESSIVE;
				GCC_WARN_UNUSED_FUNCTION = YES;
				GCC_WARN_UNUSED_VARIABLE = YES;
				IPHONEOS_DEPLOYMENT_TARGET = 16.2;
				MTL_ENABLE_DEBUG_INFO = NO;
				MTL_FAST_MATH = YES;
				SDKROOT = iphoneos;
				SWIFT_COMPILATION_MODE = wholemodule;
				SWIFT_OPTIMIZATION_LEVEL = "-O";
				VALIDATE_PRODUCT = YES;
			};
			name = Release;
		};
		F2B5B02229941F56008FD97A /* Debug */ = {
			isa = XCBuildConfiguration;
			buildSettings = {
				ASSETCATALOG_COMPILER_APPICON_NAME = AppIcon;
				ASSETCATALOG_COMPILER_GLOBAL_ACCENT_COLOR_NAME = AccentColor;
				CODE_SIGN_STYLE = Automatic;
				CURRENT_PROJECT_VERSION = 1;
				DEVELOPMENT_TEAM = PA7L263H2S;
				GENERATE_INFOPLIST_FILE = YES;
				INFOPLIST_FILE = PinterestInterview/Info.plist;
				INFOPLIST_KEY_UIApplicationSupportsIndirectInputEvents = YES;
				INFOPLIST_KEY_UILaunchStoryboardName = LaunchScreen;
				INFOPLIST_KEY_UIMainStoryboardFile = Main;
				INFOPLIST_KEY_UISupportedInterfaceOrientations_iPad = "UIInterfaceOrientationPortrait UIInterfaceOrientationPortraitUpsideDown UIInterfaceOrientationLandscapeLeft UIInterfaceOrientationLandscapeRight";
				INFOPLIST_KEY_UISupportedInterfaceOrientations_iPhone = "UIInterfaceOrientationPortrait UIInterfaceOrientationLandscapeLeft UIInterfaceOrientationLandscapeRight";
				LD_RUNPATH_SEARCH_PATHS = (
					"$(inherited)",
					"@executable_path/Frameworks",
				);
				MARKETING_VERSION = 1.0;
				PRODUCT_BUNDLE_IDENTIFIER = com.bounteous.PinterestInterview;
				PRODUCT_NAME = "$(TARGET_NAME)";
				SWIFT_EMIT_LOC_STRINGS = YES;
				SWIFT_VERSION = 5.0;
				TARGETED_DEVICE_FAMILY = "1,2";
			};
			name = Debug;
		};
		F2B5B02329941F56008FD97A /* Release */ = {
			isa = XCBuildConfiguration;
			buildSettings = {
				ASSETCATALOG_COMPILER_APPICON_NAME = AppIcon;
				ASSETCATALOG_COMPILER_GLOBAL_ACCENT_COLOR_NAME = AccentColor;
				CODE_SIGN_STYLE = Automatic;
				CURRENT_PROJECT_VERSION = 1;
				DEVELOPMENT_TEAM = PA7L263H2S;
				GENERATE_INFOPLIST_FILE = YES;
				INFOPLIST_FILE = PinterestInterview/Info.plist;
				INFOPLIST_KEY_UIApplicationSupportsIndirectInputEvents = YES;
				INFOPLIST_KEY_UILaunchStoryboardName = LaunchScreen;
				INFOPLIST_KEY_UIMainStoryboardFile = Main;
				INFOPLIST_KEY_UISupportedInterfaceOrientations_iPad = "UIInterfaceOrientationPortrait UIInterfaceOrientationPortraitUpsideDown UIInterfaceOrientationLandscapeLeft UIInterfaceOrientationLandscapeRight";
				INFOPLIST_KEY_UISupportedInterfaceOrientations_iPhone = "UIInterfaceOrientationPortrait UIInterfaceOrientationLandscapeLeft UIInterfaceOrientationLandscapeRight";
				LD_RUNPATH_SEARCH_PATHS = (
					"$(inherited)",
					"@executable_path/Frameworks",
				);
				MARKETING_VERSION = 1.0;
				PRODUCT_BUNDLE_IDENTIFIER = com.bounteous.PinterestInterview;
				PRODUCT_NAME = "$(TARGET_NAME)";
				SWIFT_EMIT_LOC_STRINGS = YES;
				SWIFT_VERSION = 5.0;
				TARGETED_DEVICE_FAMILY = "1,2";
			};
			name = Release;
		};
/* End XCBuildConfiguration section */

/* Begin XCConfigurationList section */
		F2B5B00829941F55008FD97A /* Build configuration list for PBXProject "PinterestInterview" */ = {
			isa = XCConfigurationList;
			buildConfigurations = (
				F2B5B01F29941F56008FD97A /* Debug */,
				F2B5B02029941F56008FD97A /* Release */,
			);
			defaultConfigurationIsVisible = 0;
			defaultConfigurationName = Release;
		};
		F2B5B02129941F56008FD97A /* Build configuration list for PBXNativeTarget "PinterestInterview" */ = {
			isa = XCConfigurationList;
			buildConfigurations = (
				F2B5B02229941F56008FD97A /* Debug */,
				F2B5B02329941F56008FD97A /* Release */,
			);
			defaultConfigurationIsVisible = 0;
			defaultConfigurationName = Release;
		};
/* End XCConfigurationList section */
	};
	rootObject = F2B5B00529941F55008FD97A /* Project object */;
}
